
Microsoft Visual Studio Solution File, Format Version 12.00
# Visual Studio Version 17
VisualStudioVersion = 17.5.33627.172
MinimumVisualStudioVersion = 10.0.40219.1
Project("{FAE04EC0-301F-11D3-BF4B-00C04F79EFBC}") = "firstHomeExercise", "firstHomeExercise\firstHomeExercise.csproj", "{36083596-7295-457C-BC64-696501564839}"
EndProject
Global
	GlobalSection(SolutionConfigurationPlatforms) = preSolution
		Debug|Any CPU = Debug|Any CPU
		Release|Any CPU = Release|Any CPU
	EndGlobalSection
	GlobalSection(ProjectConfigurationPlatforms) = postSolution
		{36083596-7295-457C-BC64-696501564839}.Debug|Any CPU.ActiveCfg = Debug|Any CPU
		{36083596-7295-457C-BC64-696501564839}.Debug|Any CPU.Build.0 = Debug|Any CPU
		{36083596-7295-457C-BC64-696501564839}.Release|Any CPU.ActiveCfg = Release|Any CPU
		{36083596-7295-457C-BC64-696501564839}.Release|Any CPU.Build.0 = Release|Any CPU
	EndGlobalSection
	GlobalSection(SolutionProperties) = preSolution
		HideSolutionNode = FALSE
	EndGlobalSection
	GlobalSection(ExtensibilityGlobals) = postSolution
		SolutionGuid = {F155A236-CBD2-48CA-BDAA-FC865948396C}
	EndGlobalSection
EndGlobal
